{
    "default": {
        "requests": {
            "version": "==2.13.0",
            "hash": "sha256:1a720e8862a41aa22e339373b526f508ef0c8988baf48b84d3fc891a8e237efb"
        }
    },
    "develop": {
        "six": {
            "version": "==1.10.0",
            "hash": "sha256:0ff78c403d9bccf5a425a6d31a12aa6b47f1c21ca4dc2573a7e2f32a97335eb1"
        },
        "model-mommy": {
            "version": "==1.3.1",
            "hash": "sha256:e772a837d6c66302b66b57087bf26b440d77efbdce7a3b784a7a6e8c3d8ca0c8"
        },
        "coverage": {
            "version": "==4.3.4",
            "hash": "sha256:b25aa3531220faaf1727fc29bc000798476b4a30f429dc07898d5da48caefa15"
        },
        "Django": {
            "version": "==1.10.5",
            "hash": "sha256:4541a60834f28f308ee7b6e96400feca905fb0de473eb9dad6847e98a36d86d4"
        }
    },
    "_meta": {
        "sources": [
            {
                "url": "https://pypi.python.org/simple",
                "verify_ssl": true
            }
        ],
        "requires": {},
        "hash": {
            "sha256": "b965c3d520332e9fc9f07846a6ab286c298edf82afb1a59c03595be1bab33645"
        }
    }
}